# This file is automatically @generated by Cargo.
# It is not intended for manual editing.
version = 4

[[package]]
name = "ctor"
version = "0.3.6"
source = "registry+https://github.com/rust-lang/crates.io-index"
checksum = "21d960ecacd0a1bf55e73144b72de745e7bf275c7952c50e36e8af0a0cb7ab1f"
dependencies = [
 "ctor-proc-macro",
]

[[package]]
name = "ctor-proc-macro"
version = "0.0.4"
source = "registry+https://github.com/rust-lang/crates.io-index"
checksum = "c426d2ba3e525b39c1f0a9ba41b9fe61878dee11fa4e4a76b6ab440f46c5db5d"

[[package]]
name = "langres_core"
version = "0.1.0"
dependencies = [
 "ctor",
 "lazy_static",
]

[[package]]
name = "lazy_static"
version = "1.5.0"
source = "registry+https://github.com/rust-lang/crates.io-index"
checksum = "bbd2bcb4c963f2ddae06a2efc7e9f3591312473c50c6685e1f298068316e66fe"

[[package]]
name = "models_registry"
version = "0.1.0"
dependencies = [
 "ctor",
 "langres_core",
 "quote",
 "syn",
]

[[package]]
name = "proc-macro2"
version = "1.0.93"
source = "registry+https://github.com/rust-lang/crates.io-index"
checksum = "60946a68e5f9d28b0dc1c21bb8a97ee7d018a8b322fa57838ba31cc878e22d99"
dependencies = [
 "unicode-ident",
]

[[package]]
name = "quote"
version = "1.0.38"
source = "registry+https://github.com/rust-lang/crates.io-index"
checksum = "0e4dccaaaf89514f546c693ddc140f729f958c247918a13380cccc6078391acc"
dependencies = [
 "proc-macro2",
]

[[package]]
name = "syn"
version = "2.0.98"
source = "registry+https://github.com/rust-lang/crates.io-index"
checksum = "36147f1a48ae0ec2b5b3bc5b537d267457555a10dc06f3dbc8cb11ba3006d3b1"
dependencies = [
 "proc-macro2",
 "quote",
 "unicode-ident",
]

[[package]]
name = "unicode-ident"
version = "1.0.17"
source = "registry+https://github.com/rust-lang/crates.io-index"
checksum = "00e2473a93778eb0bad35909dff6a10d28e63f792f16ed15e404fca9d5eeedbe"
